// !$*UTF8*$!
{
	archiveVersion = 1;
	classes = {
	};
	objectVersion = 77;
	objects = {

/* Begin PBXBuildFile section */
		01580527AE36624447B083E8 /* Preferences.swift in Sources */ = {isa = PBXBuildFile; fileRef = 1EA5AD5F10FD8A825AF58295 /* Preferences.swift */; };
		036409842E0FE72CE25D1A9C /* Priority.swift in Sources */ = {isa = PBXBuildFile; fileRef = C038E54A755F51C0C080F320 /* Priority.swift */; };
		038E9DA791FD650AEA9E7902 /* ScreenshotTests.swift in Sources */ = {isa = PBXBuildFile; fileRef = 659CA8367C2C589841F2EAE2 /* ScreenshotTests.swift */; };
		03F20F5737511A948FB7640F /* RootView.swift in Sources */ = {isa = PBXBuildFile; fileRef = DA72DF0478830FC0A55EC475 /* RootView.swift */; };
		09F9920798E02EECD19BB716 /* EmptyStateView.swift in Sources */ = {isa = PBXBuildFile; fileRef = 0443F7F1BE4295648FCF1A3E /* EmptyStateView.swift */; };
		0B4E07170EDF50C552328DE3 /* TaskItem.swift in Sources */ = {isa = PBXBuildFile; fileRef = 528ED7FFF663B587801C96B4 /* TaskItem.swift */; };
		16A2B2776DFC924271234754 /* Vazirmatn-SemiBold.ttf in Resources */ = {isa = PBXBuildFile; fileRef = 1216EA99D8AFAB0C0EBAC1F1 /* Vazirmatn-SemiBold.ttf */; };
		1C1E4AFA22F7B68E2C27F3E0 /* SharedStore.swift in Sources */ = {isa = PBXBuildFile; fileRef = 06558992952DFD50B335220D /* SharedStore.swift */; };
		1CEEA2868EB379259B2B6E80 /* RepeatRule.swift in Sources */ = {isa = PBXBuildFile; fileRef = B8410A2F462F35412E6FDA3B /* RepeatRule.swift */; };
		1D7AB17AE269DA2ECD238EAE /* CardRow.swift in Sources */ = {isa = PBXBuildFile; fileRef = ECEA13AD7A05E8CFF40A0EEE /* CardRow.swift */; };
		213633BBC2C332B5D7B10AE8 /* ProgressCard.swift in Sources */ = {isa = PBXBuildFile; fileRef = 39A663F9D68429C99E136CB2 /* ProgressCard.swift */; };
		21A165345321AF7E31FEE730 /* Vazirmatn-OFL.txt in Resources */ = {isa = PBXBuildFile; fileRef = 7A664BB503C617B14AA71B5C /* Vazirmatn-OFL.txt */; };
		21E8301D9BBB90FE24F6ECCD /* AppBackground.swift in Sources */ = {isa = PBXBuildFile; fileRef = 1C26A3DD94E0909CDC835600 /* AppBackground.swift */; };
		295957190904BCF011DFB0A5 /* Localizable.xcstrings in Resources */ = {isa = PBXBuildFile; fileRef = A6F15FFC3385CF3FA55A2310 /* Localizable.xcstrings */; };
		2D3195DC9F77630A01F7E4FF /* SettingsView.swift in Sources */ = {isa = PBXBuildFile; fileRef = 11D4B0492A0E200BEABC3D14 /* SettingsView.swift */; };
		2EA0DC6381CAC5983010E3F0 /* DateFormatting.swift in Sources */ = {isa = PBXBuildFile; fileRef = 223DB99D554B53D44BC7EEDD /* DateFormatting.swift */; };
		365F807A28A4358C3663E1A9 /* TodayHeader.swift in Sources */ = {isa = PBXBuildFile; fileRef = B842454951998D6ED4536B25 /* TodayHeader.swift */; };
		41F3A349CDFBFF24F6BCE37E /* Subtask.swift in Sources */ = {isa = PBXBuildFile; fileRef = A402D2DE91E8D8F3E91F0699 /* Subtask.swift */; };
		42C375B3CABF77EFC0FCAE30 /* RepeatPickerView.swift in Sources */ = {isa = PBXBuildFile; fileRef = 165793DBA13C598AAEB00F45 /* RepeatPickerView.swift */; };
		470DDA1D474497D22BCB0662 /* QuickAddBar.swift in Sources */ = {isa = PBXBuildFile; fileRef = CC7EB555A185C7E187D3E26D /* QuickAddBar.swift */; };
		53BD76670F1305FB0C7D25BB /* TodayView.swift in Sources */ = {isa = PBXBuildFile; fileRef = F2E8E3307E8DC0745CF8F520 /* TodayView.swift */; };
		556800889D763EF36190501D /* TikApp.swift in Sources */ = {isa = PBXBuildFile; fileRef = 931B452F7633705F8646B76C /* TikApp.swift */; };
		58A1A05FBA253B85F0ABA2CC /* TaskActionsModifier.swift in Sources */ = {isa = PBXBuildFile; fileRef = 6988DF38B75C5541A28250BD /* TaskActionsModifier.swift */; };
		5A2B08F0639D1AAF5A45E8D8 /* Reminders.swift in Sources */ = {isa = PBXBuildFile; fileRef = F7C28F8E6A3A99086C7F5B84 /* Reminders.swift */; };
		6369AD59519628812F670B36 /* Vazirmatn-Bold.ttf in Resources */ = {isa = PBXBuildFile; fileRef = AA24ACB77B18B5545579E70B /* Vazirmatn-Bold.ttf */; };
		6A4665B5F8109AF43ED1AB90 /* EditorRequest.swift in Sources */ = {isa = PBXBuildFile; fileRef = E19509BBAC41B61BE71E95D7 /* EditorRequest.swift */; };
		7467704DE61A7D4CDDC4D3FA /* PhotoViewer.swift in Sources */ = {isa = PBXBuildFile; fileRef = E7BC44B8EF845C530AE2F728 /* PhotoViewer.swift */; };
		7D02D56882021B42D2D6C302 /* DemoData.swift in Sources */ = {isa = PBXBuildFile; fileRef = 9B3BE30D3A57438C19E4DED3 /* DemoData.swift */; };
		83E71C2E21D1D24B2ACA814C /* ListDetailView.swift in Sources */ = {isa = PBXBuildFile; fileRef = F9BC9B81EE00E8EEAEA40248 /* ListDetailView.swift */; };
		853E801A57DCE5C4A8B6F065 /* Vazirmatn-Regular.ttf in Resources */ = {isa = PBXBuildFile; fileRef = AF1491EBD55E3E076ECF2535 /* Vazirmatn-Regular.ttf */; };
		893B39461026D5EF1228B758 /* Assets.xcassets in Resources */ = {isa = PBXBuildFile; fileRef = 719B8F002CD778015BA32C32 /* Assets.xcassets */; };
		8A8B14C54367F84BBBCE357A /* TaskQueries.swift in Sources */ = {isa = PBXBuildFile; fileRef = 5041F2BAB22A50CBD7535C26 /* TaskQueries.swift */; };
		8C38466C3D784854E939224F /* EditorTests.swift in Sources */ = {isa = PBXBuildFile; fileRef = 6F589802E64FBF4CB4C78251 /* EditorTests.swift */; };
		8DD6751702C9BC6E2AC6B75B /* TaskList.swift in Sources */ = {isa = PBXBuildFile; fileRef = 6801D7912079A8311052E7BE /* TaskList.swift */; };
		9392FADE7510E60495B1A24D /* TodayEmptyState.swift in Sources */ = {isa = PBXBuildFile; fileRef = 699939A7DD19A0723AA7FBBB /* TodayEmptyState.swift */; };
		957BC356695B3177CFDE99B5 /* TaskEditorView.swift in Sources */ = {isa = PBXBuildFile; fileRef = 52C26C1209582DCC38114CA5 /* TaskEditorView.swift */; };
		97FBACDEF164F24C61860F98 /* AppDelegate.swift in Sources */ = {isa = PBXBuildFile; fileRef = A4BAAA6208190C380EEBEAC5 /* AppDelegate.swift */; };
		98B61A6252C366F61477340D /* ImageResizer.swift in Sources */ = {isa = PBXBuildFile; fileRef = B2D4A994C47086512BDD3B0A /* ImageResizer.swift */; };
		A46A98221DE5542BCA78926A /* TaskFilter.swift in Sources */ = {isa = PBXBuildFile; fileRef = E167DB3F2F4CBA025C2AC39D /* TaskFilter.swift */; };
		A62C9B3A225767DCF0422992 /* ListSelection.swift in Sources */ = {isa = PBXBuildFile; fileRef = 6E8F61AA45DC452D0B52DBAD /* ListSelection.swift */; };
		AC7396773B9BB0809D910050 /* ListsTests.swift in Sources */ = {isa = PBXBuildFile; fileRef = CAA0F5B870ACAA8EC3A051C1 /* ListsTests.swift */; };
		B88FC7D692350172C57D17BF /* CheckCircle.swift in Sources */ = {isa = PBXBuildFile; fileRef = 99287CDB35B3893C287A6B9C /* CheckCircle.swift */; };
		BAC7613DD760B90B37EB7CC1 /* Typography.swift in Sources */ = {isa = PBXBuildFile; fileRef = 4D2118FB27F6358DB8C73626 /* Typography.swift */; };
		C275317BEF3F46AF9E91D2C1 /* SearchTests.swift in Sources */ = {isa = PBXBuildFile; fileRef = F0DE59100414762F1FA5C355 /* SearchTests.swift */; };
		C2A716B44BE878991D8D38A4 /* TaskActions.swift in Sources */ = {isa = PBXBuildFile; fileRef = 7A88B4DF01F8671EAB2E987D /* TaskActions.swift */; };
		C4A43EFB6754E9732A0653FB /* AppRoot.swift in Sources */ = {isa = PBXBuildFile; fileRef = 3837775F5BE03483FDD3C55E /* AppRoot.swift */; };
		CA4538375686E2496645360F /* TodayFlowTests.swift in Sources */ = {isa = PBXBuildFile; fileRef = 28AFC07D898CDFBBE4DA89AF /* TodayFlowTests.swift */; };
		CA826DC355801C78C272B11F /* EnvironmentValues+Tik.swift in Sources */ = {isa = PBXBuildFile; fileRef = 6C1D31A4DC564A7C627D5C93 /* EnvironmentValues+Tik.swift */; };
		CCF2EEB4F35C40BF1580F969 /* Vazirmatn-Medium.ttf in Resources */ = {isa = PBXBuildFile; fileRef = 4CD6B098C22DB60CE832A3AD /* Vazirmatn-Medium.ttf */; };
		DA6C74B6F8A2F1F0260D9E4B /* SettingsTests.swift in Sources */ = {isa = PBXBuildFile; fileRef = AF20207B008ED63FA60EE3DE /* SettingsTests.swift */; };
		DFC99CBC3A79275898D6E9E5 /* TaskDraft.swift in Sources */ = {isa = PBXBuildFile; fileRef = 74B7E9BA1F392C7D70A9DBF2 /* TaskDraft.swift */; };
		E309CEB8CB6D1DF88404E659 /* SearchView.swift in Sources */ = {isa = PBXBuildFile; fileRef = A543154DC4F701571F2FFC97 /* SearchView.swift */; };
		E3E93DDC303F6D0776B0C93B /* AppModel.swift in Sources */ = {isa = PBXBuildFile; fileRef = 2CBBA84D66E6F7A974BB4301 /* AppModel.swift */; };
		E6E89CAF3494E308B354A995 /* ListEditorView.swift in Sources */ = {isa = PBXBuildFile; fileRef = 426EF0298EA5EB987FD555B2 /* ListEditorView.swift */; };
		EEBF43F75798F20E0ADAD7D2 /* ListsView.swift in Sources */ = {isa = PBXBuildFile; fileRef = 1A809E0746F8A0AEFAFB3032 /* ListsView.swift */; };
		EF79B16B003A5DCB9F82C37C /* TaskRow.swift in Sources */ = {isa = PBXBuildFile; fileRef = 9C09D07A4F6B0DB6F655AF15 /* TaskRow.swift */; };
		FB6A0224AB5581F1D7A62545 /* L10n.swift in Sources */ = {isa = PBXBuildFile; fileRef = A020D9BDD69F2A4B09F8B46A /* L10n.swift */; };
/* End PBXBuildFile section */

/* Begin PBXContainerItemProxy section */
		A0E44B5665D30F9A3511931D /* PBXContainerItemProxy */ = {
			isa = PBXContainerItemProxy;
			containerPortal = E5FC24A52D6CBC94A78452F7 /* Project object */;
			proxyType = 1;
			remoteGlobalIDString = AE28751BF7384B7E3AB94C42;
			remoteInfo = Tik;
		};
/* End PBXContainerItemProxy section */

/* Begin PBXFileReference section */
		0443F7F1BE4295648FCF1A3E /* EmptyStateView.swift */ = {isa = PBXFileReference; lastKnownFileType = sourcecode.swift; path = EmptyStateView.swift; sourceTree = "<group>"; };
		06558992952DFD50B335220D /* SharedStore.swift */ = {isa = PBXFileReference; lastKnownFileType = sourcecode.swift; path = SharedStore.swift; sourceTree = "<group>"; };
		11D4B0492A0E200BEABC3D14 /* SettingsView.swift */ = {isa = PBXFileReference; lastKnownFileType = sourcecode.swift; path = SettingsView.swift; sourceTree = "<group>"; };
		1216EA99D8AFAB0C0EBAC1F1 /* Vazirmatn-SemiBold.ttf */ = {isa = PBXFileReference; lastKnownFileType = file; path = "Vazirmatn-SemiBold.ttf"; sourceTree = "<group>"; };
		165793DBA13C598AAEB00F45 /* RepeatPickerView.swift */ = {isa = PBXFileReference; lastKnownFileType = sourcecode.swift; path = RepeatPickerView.swift; sourceTree = "<group>"; };
		1A809E0746F8A0AEFAFB3032 /* ListsView.swift */ = {isa = PBXFileReference; lastKnownFileType = sourcecode.swift; path = ListsView.swift; sourceTree = "<group>"; };
		1C26A3DD94E0909CDC835600 /* AppBackground.swift */ = {isa = PBXFileReference; lastKnownFileType = sourcecode.swift; path = AppBackground.swift; sourceTree = "<group>"; };
		1D54C92D25C63C21E91F0287 /* TikUITests.xctest */ = {isa = PBXFileReference; includeInIndex = 0; lastKnownFileType = wrapper.cfbundle; path = TikUITests.xctest; sourceTree = BUILT_PRODUCTS_DIR; };
		1EA5AD5F10FD8A825AF58295 /* Preferences.swift */ = {isa = PBXFileReference; lastKnownFileType = sourcecode.swift; path = Preferences.swift; sourceTree = "<group>"; };
		223DB99D554B53D44BC7EEDD /* DateFormatting.swift */ = {isa = PBXFileReference; lastKnownFileType = sourcecode.swift; path = DateFormatting.swift; sourceTree = "<group>"; };
		28AFC07D898CDFBBE4DA89AF /* TodayFlowTests.swift */ = {isa = PBXFileReference; lastKnownFileType = sourcecode.swift; path = TodayFlowTests.swift; sourceTree = "<group>"; };
		2CBBA84D66E6F7A974BB4301 /* AppModel.swift */ = {isa = PBXFileReference; lastKnownFileType = sourcecode.swift; path = AppModel.swift; sourceTree = "<group>"; };
		3837775F5BE03483FDD3C55E /* AppRoot.swift */ = {isa = PBXFileReference; lastKnownFileType = sourcecode.swift; path = AppRoot.swift; sourceTree = "<group>"; };
		39A663F9D68429C99E136CB2 /* ProgressCard.swift */ = {isa = PBXFileReference; lastKnownFileType = sourcecode.swift; path = ProgressCard.swift; sourceTree = "<group>"; };
		426EF0298EA5EB987FD555B2 /* ListEditorView.swift */ = {isa = PBXFileReference; lastKnownFileType = sourcecode.swift; path = ListEditorView.swift; sourceTree = "<group>"; };
		4CD6B098C22DB60CE832A3AD /* Vazirmatn-Medium.ttf */ = {isa = PBXFileReference; lastKnownFileType = file; path = "Vazirmatn-Medium.ttf"; sourceTree = "<group>"; };
		4D2118FB27F6358DB8C73626 /* Typography.swift */ = {isa = PBXFileReference; lastKnownFileType = sourcecode.swift; path = Typography.swift; sourceTree = "<group>"; };
		5041F2BAB22A50CBD7535C26 /* TaskQueries.swift */ = {isa = PBXFileReference; lastKnownFileType = sourcecode.swift; path = TaskQueries.swift; sourceTree = "<group>"; };
		528ED7FFF663B587801C96B4 /* TaskItem.swift */ = {isa = PBXFileReference; lastKnownFileType = sourcecode.swift; path = TaskItem.swift; sourceTree = "<group>"; };
		52C26C1209582DCC38114CA5 /* TaskEditorView.swift */ = {isa = PBXFileReference; lastKnownFileType = sourcecode.swift; path = TaskEditorView.swift; sourceTree = "<group>"; };
		659CA8367C2C589841F2EAE2 /* ScreenshotTests.swift */ = {isa = PBXFileReference; lastKnownFileType = sourcecode.swift; path = ScreenshotTests.swift; sourceTree = "<group>"; };
		6801D7912079A8311052E7BE /* TaskList.swift */ = {isa = PBXFileReference; lastKnownFileType = sourcecode.swift; path = TaskList.swift; sourceTree = "<group>"; };
		6988DF38B75C5541A28250BD /* TaskActionsModifier.swift */ = {isa = PBXFileReference; lastKnownFileType = sourcecode.swift; path = TaskActionsModifier.swift; sourceTree = "<group>"; };
		699939A7DD19A0723AA7FBBB /* TodayEmptyState.swift */ = {isa = PBXFileReference; lastKnownFileType = sourcecode.swift; path = TodayEmptyState.swift; sourceTree = "<group>"; };
		6C1D31A4DC564A7C627D5C93 /* EnvironmentValues+Tik.swift */ = {isa = PBXFileReference; lastKnownFileType = sourcecode.swift; path = "EnvironmentValues+Tik.swift"; sourceTree = "<group>"; };
		6E8F61AA45DC452D0B52DBAD /* ListSelection.swift */ = {isa = PBXFileReference; lastKnownFileType = sourcecode.swift; path = ListSelection.swift; sourceTree = "<group>"; };
		6F589802E64FBF4CB4C78251 /* EditorTests.swift */ = {isa = PBXFileReference; lastKnownFileType = sourcecode.swift; path = EditorTests.swift; sourceTree = "<group>"; };
		719B8F002CD778015BA32C32 /* Assets.xcassets */ = {isa = PBXFileReference; lastKnownFileType = folder.assetcatalog; path = Assets.xcassets; sourceTree = "<group>"; };
		74B7E9BA1F392C7D70A9DBF2 /* TaskDraft.swift */ = {isa = PBXFileReference; lastKnownFileType = sourcecode.swift; path = TaskDraft.swift; sourceTree = "<group>"; };
		7A664BB503C617B14AA71B5C /* Vazirmatn-OFL.txt */ = {isa = PBXFileReference; lastKnownFileType = text; path = "Vazirmatn-OFL.txt"; sourceTree = "<group>"; };
		7A88B4DF01F8671EAB2E987D /* TaskActions.swift */ = {isa = PBXFileReference; lastKnownFileType = sourcecode.swift; path = TaskActions.swift; sourceTree = "<group>"; };
		931B452F7633705F8646B76C /* TikApp.swift */ = {isa = PBXFileReference; lastKnownFileType = sourcecode.swift; path = TikApp.swift; sourceTree = "<group>"; };
		99287CDB35B3893C287A6B9C /* CheckCircle.swift */ = {isa = PBXFileReference; lastKnownFileType = sourcecode.swift; path = CheckCircle.swift; sourceTree = "<group>"; };
		9B3BE30D3A57438C19E4DED3 /* DemoData.swift */ = {isa = PBXFileReference; lastKnownFileType = sourcecode.swift; path = DemoData.swift; sourceTree = "<group>"; };
		9C09D07A4F6B0DB6F655AF15 /* TaskRow.swift */ = {isa = PBXFileReference; lastKnownFileType = sourcecode.swift; path = TaskRow.swift; sourceTree = "<group>"; };
		A020D9BDD69F2A4B09F8B46A /* L10n.swift */ = {isa = PBXFileReference; lastKnownFileType = sourcecode.swift; path = L10n.swift; sourceTree = "<group>"; };
		A402D2DE91E8D8F3E91F0699 /* Subtask.swift */ = {isa = PBXFileReference; lastKnownFileType = sourcecode.swift; path = Subtask.swift; sourceTree = "<group>"; };
		A4BAAA6208190C380EEBEAC5 /* AppDelegate.swift */ = {isa = PBXFileReference; lastKnownFileType = sourcecode.swift; path = AppDelegate.swift; sourceTree = "<group>"; };
		A543154DC4F701571F2FFC97 /* SearchView.swift */ = {isa = PBXFileReference; lastKnownFileType = sourcecode.swift; path = SearchView.swift; sourceTree = "<group>"; };
		A6F15FFC3385CF3FA55A2310 /* Localizable.xcstrings */ = {isa = PBXFileReference; lastKnownFileType = text.json.xcstrings; path = Localizable.xcstrings; sourceTree = "<group>"; };
		AA24ACB77B18B5545579E70B /* Vazirmatn-Bold.ttf */ = {isa = PBXFileReference; lastKnownFileType = file; path = "Vazirmatn-Bold.ttf"; sourceTree = "<group>"; };
		AF1491EBD55E3E076ECF2535 /* Vazirmatn-Regular.ttf */ = {isa = PBXFileReference; lastKnownFileType = file; path = "Vazirmatn-Regular.ttf"; sourceTree = "<group>"; };
		AF20207B008ED63FA60EE3DE /* SettingsTests.swift */ = {isa = PBXFileReference; lastKnownFileType = sourcecode.swift; path = SettingsTests.swift; sourceTree = "<group>"; };
		B2D4A994C47086512BDD3B0A /* ImageResizer.swift */ = {isa = PBXFileReference; lastKnownFileType = sourcecode.swift; path = ImageResizer.swift; sourceTree = "<group>"; };
		B8410A2F462F35412E6FDA3B /* RepeatRule.swift */ = {isa = PBXFileReference; lastKnownFileType = sourcecode.swift; path = RepeatRule.swift; sourceTree = "<group>"; };
		B842454951998D6ED4536B25 /* TodayHeader.swift */ = {isa = PBXFileReference; lastKnownFileType = sourcecode.swift; path = TodayHeader.swift; sourceTree = "<group>"; };
		C038E54A755F51C0C080F320 /* Priority.swift */ = {isa = PBXFileReference; lastKnownFileType = sourcecode.swift; path = Priority.swift; sourceTree = "<group>"; };
		C9A06435EFF6097F94E37735 /* Info.plist */ = {isa = PBXFileReference; lastKnownFileType = text.plist; path = Info.plist; sourceTree = "<group>"; };
		CAA0F5B870ACAA8EC3A051C1 /* ListsTests.swift */ = {isa = PBXFileReference; lastKnownFileType = sourcecode.swift; path = ListsTests.swift; sourceTree = "<group>"; };
		CC7EB555A185C7E187D3E26D /* QuickAddBar.swift */ = {isa = PBXFileReference; lastKnownFileType = sourcecode.swift; path = QuickAddBar.swift; sourceTree = "<group>"; };
		DA72DF0478830FC0A55EC475 /* RootView.swift */ = {isa = PBXFileReference; lastKnownFileType = sourcecode.swift; path = RootView.swift; sourceTree = "<group>"; };
		E167DB3F2F4CBA025C2AC39D /* TaskFilter.swift */ = {isa = PBXFileReference; lastKnownFileType = sourcecode.swift; path = TaskFilter.swift; sourceTree = "<group>"; };
		E19509BBAC41B61BE71E95D7 /* EditorRequest.swift */ = {isa = PBXFileReference; lastKnownFileType = sourcecode.swift; path = EditorRequest.swift; sourceTree = "<group>"; };
		E7BC44B8EF845C530AE2F728 /* PhotoViewer.swift */ = {isa = PBXFileReference; lastKnownFileType = sourcecode.swift; path = PhotoViewer.swift; sourceTree = "<group>"; };
		E95DB2CB6E010CE238BC1A39 /* Tik.app */ = {isa = PBXFileReference; includeInIndex = 0; lastKnownFileType = wrapper.application; path = Tik.app; sourceTree = BUILT_PRODUCTS_DIR; };
		EAC8D6ECE43E71097C67C309 /* Tik.entitlements */ = {isa = PBXFileReference; lastKnownFileType = text.plist.entitlements; path = Tik.entitlements; sourceTree = "<group>"; };
		ECEA13AD7A05E8CFF40A0EEE /* CardRow.swift */ = {isa = PBXFileReference; lastKnownFileType = sourcecode.swift; path = CardRow.swift; sourceTree = "<group>"; };
		F0DE59100414762F1FA5C355 /* SearchTests.swift */ = {isa = PBXFileReference; lastKnownFileType = sourcecode.swift; path = SearchTests.swift; sourceTree = "<group>"; };
		F2E8E3307E8DC0745CF8F520 /* TodayView.swift */ = {isa = PBXFileReference; lastKnownFileType = sourcecode.swift; path = TodayView.swift; sourceTree = "<group>"; };
		F7C28F8E6A3A99086C7F5B84 /* Reminders.swift */ = {isa = PBXFileReference; lastKnownFileType = sourcecode.swift; path = Reminders.swift; sourceTree = "<group>"; };
		F9BC9B81EE00E8EEAEA40248 /* ListDetailView.swift */ = {isa = PBXFileReference; lastKnownFileType = sourcecode.swift; path = ListDetailView.swift; sourceTree = "<group>"; };
/* End PBXFileReference section */

/* Begin PBXGroup section */
		02844DC7991523F3F17039AE = {
			isa = PBXGroup;
			children = (
				E4F1C75728C6EAB39D4E2C54 /* Shared */,
				5D8F56FAC1DA3B210674C72E /* Tik */,
				556EE0A92AE85673CABBBA75 /* TikUITests */,
				0E3304E9A53040E5FDF06A4C /* Products */,
			);
			sourceTree = "<group>";
		};
		075A3D58E62A6FEAFE1A2535 /* Resources */ = {
			isa = PBXGroup;
			children = (
				719B8F002CD778015BA32C32 /* Assets.xcassets */,
			);
			path = Resources;
			sourceTree = "<group>";
		};
		0E3304E9A53040E5FDF06A4C /* Products */ = {
			isa = PBXGroup;
			children = (
				E95DB2CB6E010CE238BC1A39 /* Tik.app */,
				1D54C92D25C63C21E91F0287 /* TikUITests.xctest */,
			);
			name = Products;
			sourceTree = "<group>";
		};
		10A668AF8D101DE44515E7DE /* Store */ = {
			isa = PBXGroup;
			children = (
				06558992952DFD50B335220D /* SharedStore.swift */,
			);
			path = Store;
			sourceTree = "<group>";
		};
		15DD028C9DF611C7C88601AB /* Logic */ = {
			isa = PBXGroup;
			children = (
				7A88B4DF01F8671EAB2E987D /* TaskActions.swift */,
				E167DB3F2F4CBA025C2AC39D /* TaskFilter.swift */,
				5041F2BAB22A50CBD7535C26 /* TaskQueries.swift */,
			);
			path = Logic;
			sourceTree = "<group>";
		};
		2849B936F7761243BC944F9B /* Search */ = {
			isa = PBXGroup;
			children = (
				A543154DC4F701571F2FFC97 /* SearchView.swift */,
			);
			path = Search;
			sourceTree = "<group>";
		};
		28BAF86B5FDE8D5DC179945E /* Lists */ = {
			isa = PBXGroup;
			children = (
				F9BC9B81EE00E8EEAEA40248 /* ListDetailView.swift */,
				426EF0298EA5EB987FD555B2 /* ListEditorView.swift */,
				6E8F61AA45DC452D0B52DBAD /* ListSelection.swift */,
				1A809E0746F8A0AEFAFB3032 /* ListsView.swift */,
			);
			path = Lists;
			sourceTree = "<group>";
		};
		3CE26015682C10EC1F4B8589 /* Components */ = {
			isa = PBXGroup;
			children = (
				1C26A3DD94E0909CDC835600 /* AppBackground.swift */,
				ECEA13AD7A05E8CFF40A0EEE /* CardRow.swift */,
				99287CDB35B3893C287A6B9C /* CheckCircle.swift */,
				0443F7F1BE4295648FCF1A3E /* EmptyStateView.swift */,
				CC7EB555A185C7E187D3E26D /* QuickAddBar.swift */,
				6988DF38B75C5541A28250BD /* TaskActionsModifier.swift */,
				9C09D07A4F6B0DB6F655AF15 /* TaskRow.swift */,
			);
			path = Components;
			sourceTree = "<group>";
		};
		3F1C104CF1BDB75AE78F1C5C /* Preferences */ = {
			isa = PBXGroup;
			children = (
				6C1D31A4DC564A7C627D5C93 /* EnvironmentValues+Tik.swift */,
				1EA5AD5F10FD8A825AF58295 /* Preferences.swift */,
			);
			path = Preferences;
			sourceTree = "<group>";
		};
		42BA1302A5204727C695AD5E /* Design */ = {
			isa = PBXGroup;
			children = (
				4D2118FB27F6358DB8C73626 /* Typography.swift */,
			);
			path = Design;
			sourceTree = "<group>";
		};
		43B5095072D68A1F5FF1D56F /* Views */ = {
			isa = PBXGroup;
			children = (
				3CE26015682C10EC1F4B8589 /* Components */,
				A73B3927EEEA8FB44FC3B27C /* Editor */,
				28BAF86B5FDE8D5DC179945E /* Lists */,
				2849B936F7761243BC944F9B /* Search */,
				45EC6CACC8369291A75F2F30 /* Settings */,
				8D433F98EF00CF0825506BF8 /* Today */,
			);
			path = Views;
			sourceTree = "<group>";
		};
		45EC6CACC8369291A75F2F30 /* Settings */ = {
			isa = PBXGroup;
			children = (
				11D4B0492A0E200BEABC3D14 /* SettingsView.swift */,
			);
			path = Settings;
			sourceTree = "<group>";
		};
		515766327E08506B631B62E1 /* Debug */ = {
			isa = PBXGroup;
			children = (
				9B3BE30D3A57438C19E4DED3 /* DemoData.swift */,
			);
			path = Debug;
			sourceTree = "<group>";
		};
		556EE0A92AE85673CABBBA75 /* TikUITests */ = {
			isa = PBXGroup;
			children = (
				6F589802E64FBF4CB4C78251 /* EditorTests.swift */,
				CAA0F5B870ACAA8EC3A051C1 /* ListsTests.swift */,
				659CA8367C2C589841F2EAE2 /* ScreenshotTests.swift */,
				F0DE59100414762F1FA5C355 /* SearchTests.swift */,
				AF20207B008ED63FA60EE3DE /* SettingsTests.swift */,
				28AFC07D898CDFBBE4DA89AF /* TodayFlowTests.swift */,
			);
			path = TikUITests;
			sourceTree = "<group>";
		};
		5704932E548BDB5A1201DF90 /* Resources */ = {
			isa = PBXGroup;
			children = (
				FDA453922E916F38E0FF1252 /* Fonts */,
				A6F15FFC3385CF3FA55A2310 /* Localizable.xcstrings */,
			);
			path = Resources;
			sourceTree = "<group>";
		};
		577E0EDF4B855A843A93BD2B /* Localization */ = {
			isa = PBXGroup;
			children = (
				A020D9BDD69F2A4B09F8B46A /* L10n.swift */,
			);
			path = Localization;
			sourceTree = "<group>";
		};
		5D8F56FAC1DA3B210674C72E /* Tik */ = {
			isa = PBXGroup;
			children = (
				CE8550AB112EC001B551C9C2 /* App */,
				515766327E08506B631B62E1 /* Debug */,
				075A3D58E62A6FEAFE1A2535 /* Resources */,
				7775985F27F006D434E5827B /* Support */,
				43B5095072D68A1F5FF1D56F /* Views */,
				C9A06435EFF6097F94E37735 /* Info.plist */,
				EAC8D6ECE43E71097C67C309 /* Tik.entitlements */,
			);
			path = Tik;
			sourceTree = "<group>";
		};
		7775985F27F006D434E5827B /* Support */ = {
			isa = PBXGroup;
			children = (
				B2D4A994C47086512BDD3B0A /* ImageResizer.swift */,
			);
			path = Support;
			sourceTree = "<group>";
		};
		8D433F98EF00CF0825506BF8 /* Today */ = {
			isa = PBXGroup;
			children = (
				39A663F9D68429C99E136CB2 /* ProgressCard.swift */,
				699939A7DD19A0723AA7FBBB /* TodayEmptyState.swift */,
				B842454951998D6ED4536B25 /* TodayHeader.swift */,
				F2E8E3307E8DC0745CF8F520 /* TodayView.swift */,
			);
			path = Today;
			sourceTree = "<group>";
		};
		91A751121EEAD7B512BBC27D /* Services */ = {
			isa = PBXGroup;
			children = (
				F7C28F8E6A3A99086C7F5B84 /* Reminders.swift */,
			);
			path = Services;
			sourceTree = "<group>";
		};
		96D2F39289F1030D76F73447 /* Formatting */ = {
			isa = PBXGroup;
			children = (
				223DB99D554B53D44BC7EEDD /* DateFormatting.swift */,
			);
			path = Formatting;
			sourceTree = "<group>";
		};
		A73B3927EEEA8FB44FC3B27C /* Editor */ = {
			isa = PBXGroup;
			children = (
				E19509BBAC41B61BE71E95D7 /* EditorRequest.swift */,
				E7BC44B8EF845C530AE2F728 /* PhotoViewer.swift */,
				165793DBA13C598AAEB00F45 /* RepeatPickerView.swift */,
				74B7E9BA1F392C7D70A9DBF2 /* TaskDraft.swift */,
				52C26C1209582DCC38114CA5 /* TaskEditorView.swift */,
			);
			path = Editor;
			sourceTree = "<group>";
		};
		A814EAB6750319004ACE3898 /* Models */ = {
			isa = PBXGroup;
			children = (
				C038E54A755F51C0C080F320 /* Priority.swift */,
				B8410A2F462F35412E6FDA3B /* RepeatRule.swift */,
				A402D2DE91E8D8F3E91F0699 /* Subtask.swift */,
				528ED7FFF663B587801C96B4 /* TaskItem.swift */,
				6801D7912079A8311052E7BE /* TaskList.swift */,
			);
			path = Models;
			sourceTree = "<group>";
		};
		CE8550AB112EC001B551C9C2 /* App */ = {
			isa = PBXGroup;
			children = (
				A4BAAA6208190C380EEBEAC5 /* AppDelegate.swift */,
				2CBBA84D66E6F7A974BB4301 /* AppModel.swift */,
				3837775F5BE03483FDD3C55E /* AppRoot.swift */,
				DA72DF0478830FC0A55EC475 /* RootView.swift */,
				931B452F7633705F8646B76C /* TikApp.swift */,
			);
			path = App;
			sourceTree = "<group>";
		};
		E4F1C75728C6EAB39D4E2C54 /* Shared */ = {
			isa = PBXGroup;
			children = (
				42BA1302A5204727C695AD5E /* Design */,
				96D2F39289F1030D76F73447 /* Formatting */,
				577E0EDF4B855A843A93BD2B /* Localization */,
				15DD028C9DF611C7C88601AB /* Logic */,
				A814EAB6750319004ACE3898 /* Models */,
				3F1C104CF1BDB75AE78F1C5C /* Preferences */,
				5704932E548BDB5A1201DF90 /* Resources */,
				91A751121EEAD7B512BBC27D /* Services */,
				10A668AF8D101DE44515E7DE /* Store */,
			);
			path = Shared;
			sourceTree = "<group>";
		};
		FDA453922E916F38E0FF1252 /* Fonts */ = {
			isa = PBXGroup;
			children = (
				AA24ACB77B18B5545579E70B /* Vazirmatn-Bold.ttf */,
				4CD6B098C22DB60CE832A3AD /* Vazirmatn-Medium.ttf */,
				7A664BB503C617B14AA71B5C /* Vazirmatn-OFL.txt */,
				AF1491EBD55E3E076ECF2535 /* Vazirmatn-Regular.ttf */,
				1216EA99D8AFAB0C0EBAC1F1 /* Vazirmatn-SemiBold.ttf */,
			);
			path = Fonts;
			sourceTree = "<group>";
		};
/* End PBXGroup section */

/* Begin PBXNativeTarget section */
		28E84DEEE2D53AC56B95AA2C /* TikUITests */ = {
			isa = PBXNativeTarget;
			buildConfigurationList = 1850D9B0E36734FE80704942 /* Build configuration list for PBXNativeTarget "TikUITests" */;
			buildPhases = (
				B5756C6B8F0E5CA292A7688F /* Sources */,
			);
			buildRules = (
			);
			dependencies = (
				95718583389570B55DC72D82 /* PBXTargetDependency */,
			);
			name = TikUITests;
			packageProductDependencies = (
			);
			productName = TikUITests;
			productReference = 1D54C92D25C63C21E91F0287 /* TikUITests.xctest */;
			productType = "com.apple.product-type.bundle.ui-testing";
		};
		AE28751BF7384B7E3AB94C42 /* Tik */ = {
			isa = PBXNativeTarget;
			buildConfigurationList = 418624A8C15DB19FB4A6C046 /* Build configuration list for PBXNativeTarget "Tik" */;
			buildPhases = (
				801F5FA550099ED19E01B983 /* Sources */,
				299307D349CF8DDE072287B4 /* Resources */,
			);
			buildRules = (
			);
			dependencies = (
			);
			name = Tik;
			packageProductDependencies = (
			);
			productName = Tik;
			productReference = E95DB2CB6E010CE238BC1A39 /* Tik.app */;
			productType = "com.apple.product-type.application";
		};
/* End PBXNativeTarget section */

/* Begin PBXProject section */
		E5FC24A52D6CBC94A78452F7 /* Project object */ = {
			isa = PBXProject;
			attributes = {
				BuildIndependentTargetsInParallel = YES;
				LastUpgradeCheck = 1430;
				TargetAttributes = {
					28E84DEEE2D53AC56B95AA2C = {
						DevelopmentTeam = "";
						ProvisioningStyle = Automatic;
						TestTargetID = AE28751BF7384B7E3AB94C42;
					};
					AE28751BF7384B7E3AB94C42 = {
						DevelopmentTeam = "";
						ProvisioningStyle = Automatic;
					};
				};
			};
			buildConfigurationList = 0746270EEE241DDB39D697F3 /* Build configuration list for PBXProject "Tik" */;
			developmentRegion = en;
			hasScannedForEncodings = 0;
			knownRegions = (
				Base,
				en,
				fa,
			);
			mainGroup = 02844DC7991523F3F17039AE;
			minimizedProjectReferenceProxies = 1;
			preferredProjectObjectVersion = 77;
			productRefGroup = 0E3304E9A53040E5FDF06A4C /* Products */;
			projectDirPath = "";
			projectRoot = "";
			targets = (
				AE28751BF7384B7E3AB94C42 /* Tik */,
				28E84DEEE2D53AC56B95AA2C /* TikUITests */,
			);
		};
/* End PBXProject section */

/* Begin PBXResourcesBuildPhase section */
		299307D349CF8DDE072287B4 /* Resources */ = {
			isa = PBXResourcesBuildPhase;
			buildActionMask = 2147483647;
			files = (
				893B39461026D5EF1228B758 /* Assets.xcassets in Resources */,
				295957190904BCF011DFB0A5 /* Localizable.xcstrings in Resources */,
				6369AD59519628812F670B36 /* Vazirmatn-Bold.ttf in Resources */,
				CCF2EEB4F35C40BF1580F969 /* Vazirmatn-Medium.ttf in Resources */,
				21A165345321AF7E31FEE730 /* Vazirmatn-OFL.txt in Resources */,
				853E801A57DCE5C4A8B6F065 /* Vazirmatn-Regular.ttf in Resources */,
				16A2B2776DFC924271234754 /* Vazirmatn-SemiBold.ttf in Resources */,
			);
			runOnlyForDeploymentPostprocessing = 0;
		};
/* End PBXResourcesBuildPhase section */

/* Begin PBXSourcesBuildPhase section */
		801F5FA550099ED19E01B983 /* Sources */ = {
			isa = PBXSourcesBuildPhase;
			buildActionMask = 2147483647;
			files = (
				21E8301D9BBB90FE24F6ECCD /* AppBackground.swift in Sources */,
				97FBACDEF164F24C61860F98 /* AppDelegate.swift in Sources */,
				E3E93DDC303F6D0776B0C93B /* AppModel.swift in Sources */,
				C4A43EFB6754E9732A0653FB /* AppRoot.swift in Sources */,
				1D7AB17AE269DA2ECD238EAE /* CardRow.swift in Sources */,
				B88FC7D692350172C57D17BF /* CheckCircle.swift in Sources */,
				2EA0DC6381CAC5983010E3F0 /* DateFormatting.swift in Sources */,
				7D02D56882021B42D2D6C302 /* DemoData.swift in Sources */,
				6A4665B5F8109AF43ED1AB90 /* EditorRequest.swift in Sources */,
				09F9920798E02EECD19BB716 /* EmptyStateView.swift in Sources */,
				CA826DC355801C78C272B11F /* EnvironmentValues+Tik.swift in Sources */,
				98B61A6252C366F61477340D /* ImageResizer.swift in Sources */,
				FB6A0224AB5581F1D7A62545 /* L10n.swift in Sources */,
				83E71C2E21D1D24B2ACA814C /* ListDetailView.swift in Sources */,
				E6E89CAF3494E308B354A995 /* ListEditorView.swift in Sources */,
				A62C9B3A225767DCF0422992 /* ListSelection.swift in Sources */,
				EEBF43F75798F20E0ADAD7D2 /* ListsView.swift in Sources */,
				7467704DE61A7D4CDDC4D3FA /* PhotoViewer.swift in Sources */,
				01580527AE36624447B083E8 /* Preferences.swift in Sources */,
				036409842E0FE72CE25D1A9C /* Priority.swift in Sources */,
				213633BBC2C332B5D7B10AE8 /* ProgressCard.swift in Sources */,
				470DDA1D474497D22BCB0662 /* QuickAddBar.swift in Sources */,
				5A2B08F0639D1AAF5A45E8D8 /* Reminders.swift in Sources */,
				42C375B3CABF77EFC0FCAE30 /* RepeatPickerView.swift in Sources */,
				1CEEA2868EB379259B2B6E80 /* RepeatRule.swift in Sources */,
				03F20F5737511A948FB7640F /* RootView.swift in Sources */,
				E309CEB8CB6D1DF88404E659 /* SearchView.swift in Sources */,
				2D3195DC9F77630A01F7E4FF /* SettingsView.swift in Sources */,
				1C1E4AFA22F7B68E2C27F3E0 /* SharedStore.swift in Sources */,
				41F3A349CDFBFF24F6BCE37E /* Subtask.swift in Sources */,
				C2A716B44BE878991D8D38A4 /* TaskActions.swift in Sources */,
				58A1A05FBA253B85F0ABA2CC /* TaskActionsModifier.swift in Sources */,
				DFC99CBC3A79275898D6E9E5 /* TaskDraft.swift in Sources */,
				957BC356695B3177CFDE99B5 /* TaskEditorView.swift in Sources */,
				A46A98221DE5542BCA78926A /* TaskFilter.swift in Sources */,
				0B4E07170EDF50C552328DE3 /* TaskItem.swift in Sources */,
				8DD6751702C9BC6E2AC6B75B /* TaskList.swift in Sources */,
				8A8B14C54367F84BBBCE357A /* TaskQueries.swift in Sources */,
				EF79B16B003A5DCB9F82C37C /* TaskRow.swift in Sources */,
				556800889D763EF36190501D /* TikApp.swift in Sources */,
				9392FADE7510E60495B1A24D /* TodayEmptyState.swift in Sources */,
				365F807A28A4358C3663E1A9 /* TodayHeader.swift in Sources */,
				53BD76670F1305FB0C7D25BB /* TodayView.swift in Sources */,
				BAC7613DD760B90B37EB7CC1 /* Typography.swift in Sources */,
			);
			runOnlyForDeploymentPostprocessing = 0;
		};
		B5756C6B8F0E5CA292A7688F /* Sources */ = {
			isa = PBXSourcesBuildPhase;
			buildActionMask = 2147483647;
			files = (
				8C38466C3D784854E939224F /* EditorTests.swift in Sources */,
				AC7396773B9BB0809D910050 /* ListsTests.swift in Sources */,
				038E9DA791FD650AEA9E7902 /* ScreenshotTests.swift in Sources */,
				C275317BEF3F46AF9E91D2C1 /* SearchTests.swift in Sources */,
				DA6C74B6F8A2F1F0260D9E4B /* SettingsTests.swift in Sources */,
				CA4538375686E2496645360F /* TodayFlowTests.swift in Sources */,
			);
			runOnlyForDeploymentPostprocessing = 0;
		};
/* End PBXSourcesBuildPhase section */

/* Begin PBXTargetDependency section */
		95718583389570B55DC72D82 /* PBXTargetDependency */ = {
			isa = PBXTargetDependency;
			target = AE28751BF7384B7E3AB94C42 /* Tik */;
			targetProxy = A0E44B5665D30F9A3511931D /* PBXContainerItemProxy */;
		};
/* End PBXTargetDependency section */

/* Begin XCBuildConfiguration section */
		0DEB16B18B7D1905BF37C33E /* Release */ = {
			isa = XCBuildConfiguration;
			buildSettings = {
				ASSETCATALOG_COMPILER_APPICON_NAME = AppIcon;
				ASSETCATALOG_COMPILER_GLOBAL_ACCENT_COLOR_NAME = AccentColor;
				CODE_SIGN_ENTITLEMENTS = Tik/Tik.entitlements;
				CODE_SIGN_IDENTITY = "iPhone Developer";
				INFOPLIST_FILE = Tik/Info.plist;
				LD_RUNPATH_SEARCH_PATHS = (
					"$(inherited)",
					"@executable_path/Frameworks",
				);
				PRODUCT_BUNDLE_IDENTIFIER = com.mahyarmozafar.tik;
				SDKROOT = iphoneos;
				TARGETED_DEVICE_FAMILY = "1,2";
			};
			name = Release;
		};
		258324915CE6C1DEE7B2D665 /* Debug */ = {
			isa = XCBuildConfiguration;
			buildSettings = {
				ALWAYS_SEARCH_USER_PATHS = NO;
				CLANG_ANALYZER_NONNULL = YES;
				CLANG_ANALYZER_NUMBER_OBJECT_CONVERSION = YES_AGGRESSIVE;
				CLANG_CXX_LANGUAGE_STANDARD = "gnu++14";
				CLANG_CXX_LIBRARY = "libc++";
				CLANG_ENABLE_MODULES = YES;
				CLANG_ENABLE_OBJC_ARC = YES;
				CLANG_ENABLE_OBJC_WEAK = YES;
				CLANG_WARN_BLOCK_CAPTURE_AUTORELEASING = YES;
				CLANG_WARN_BOOL_CONVERSION = YES;
				CLANG_WARN_COMMA = YES;
				CLANG_WARN_CONSTANT_CONVERSION = YES;
				CLANG_WARN_DEPRECATED_OBJC_IMPLEMENTATIONS = YES;
				CLANG_WARN_DIRECT_OBJC_ISA_USAGE = YES_ERROR;
				CLANG_WARN_DOCUMENTATION_COMMENTS = YES;
				CLANG_WARN_EMPTY_BODY = YES;
				CLANG_WARN_ENUM_CONVERSION = YES;
				CLANG_WARN_INFINITE_RECURSION = YES;
				CLANG_WARN_INT_CONVERSION = YES;
				CLANG_WARN_NON_LITERAL_NULL_CONVERSION = YES;
				CLANG_WARN_OBJC_IMPLICIT_RETAIN_SELF = YES;
				CLANG_WARN_OBJC_LITERAL_CONVERSION = YES;
				CLANG_WARN_OBJC_ROOT_CLASS = YES_ERROR;
				CLANG_WARN_QUOTED_INCLUDE_IN_FRAMEWORK_HEADER = YES;
				CLANG_WARN_RANGE_LOOP_ANALYSIS = YES;
				CLANG_WARN_STRICT_PROTOTYPES = YES;
				CLANG_WARN_SUSPICIOUS_MOVE = YES;
				CLANG_WARN_UNGUARDED_AVAILABILITY = YES_AGGRESSIVE;
				CLANG_WARN_UNREACHABLE_CODE = YES;
				CLANG_WARN__DUPLICATE_METHOD_MATCH = YES;
				CODE_SIGN_STYLE = Automatic;
				COPY_PHASE_STRIP = NO;
				CURRENT_PROJECT_VERSION = 1;
				DEBUG_INFORMATION_FORMAT = dwarf;
				DEVELOPMENT_TEAM = "";
				ENABLE_STRICT_OBJC_MSGSEND = YES;
				ENABLE_TESTABILITY = YES;
				ENABLE_USER_SCRIPT_SANDBOXING = YES;
				GCC_C_LANGUAGE_STANDARD = gnu11;
				GCC_DYNAMIC_NO_PIC = NO;
				GCC_NO_COMMON_BLOCKS = YES;
				GCC_OPTIMIZATION_LEVEL = 0;
				GCC_PREPROCESSOR_DEFINITIONS = (
					"$(inherited)",
					"DEBUG=1",
				);
				GCC_WARN_64_TO_32_BIT_CONVERSION = YES;
				GCC_WARN_ABOUT_RETURN_TYPE = YES_ERROR;
				GCC_WARN_UNDECLARED_SELECTOR = YES;
				GCC_WARN_UNINITIALIZED_AUTOS = YES_AGGRESSIVE;
				GCC_WARN_UNUSED_FUNCTION = YES;
				GCC_WARN_UNUSED_VARIABLE = YES;
				IPHONEOS_DEPLOYMENT_TARGET = 27.0;
				LOCALIZATION_PREFERS_STRING_CATALOGS = YES;
				MARKETING_VERSION = 1.0;
				MTL_ENABLE_DEBUG_INFO = INCLUDE_SOURCE;
				MTL_FAST_MATH = YES;
				ONLY_ACTIVE_ARCH = YES;
				PRODUCT_NAME = "$(TARGET_NAME)";
				SDKROOT = iphoneos;
				SWIFT_ACTIVE_COMPILATION_CONDITIONS = DEBUG;
				SWIFT_EMIT_LOC_STRINGS = YES;
				SWIFT_OPTIMIZATION_LEVEL = "-Onone";
				SWIFT_VERSION = 5.0;
				TARGETED_DEVICE_FAMILY = "1,2";
			};
			name = Debug;
		};
		389BCF0519047824EC5B1204 /* Release */ = {
			isa = XCBuildConfiguration;
			buildSettings = {
				ALWAYS_SEARCH_USER_PATHS = NO;
				CLANG_ANALYZER_NONNULL = YES;
				CLANG_ANALYZER_NUMBER_OBJECT_CONVERSION = YES_AGGRESSIVE;
				CLANG_CXX_LANGUAGE_STANDARD = "gnu++14";
				CLANG_CXX_LIBRARY = "libc++";
				CLANG_ENABLE_MODULES = YES;
				CLANG_ENABLE_OBJC_ARC = YES;
				CLANG_ENABLE_OBJC_WEAK = YES;
				CLANG_WARN_BLOCK_CAPTURE_AUTORELEASING = YES;
				CLANG_WARN_BOOL_CONVERSION = YES;
				CLANG_WARN_COMMA = YES;
				CLANG_WARN_CONSTANT_CONVERSION = YES;
				CLANG_WARN_DEPRECATED_OBJC_IMPLEMENTATIONS = YES;
				CLANG_WARN_DIRECT_OBJC_ISA_USAGE = YES_ERROR;
				CLANG_WARN_DOCUMENTATION_COMMENTS = YES;
				CLANG_WARN_EMPTY_BODY = YES;
				CLANG_WARN_ENUM_CONVERSION = YES;
				CLANG_WARN_INFINITE_RECURSION = YES;
				CLANG_WARN_INT_CONVERSION = YES;
				CLANG_WARN_NON_LITERAL_NULL_CONVERSION = YES;
				CLANG_WARN_OBJC_IMPLICIT_RETAIN_SELF = YES;
				CLANG_WARN_OBJC_LITERAL_CONVERSION = YES;
				CLANG_WARN_OBJC_ROOT_CLASS = YES_ERROR;
				CLANG_WARN_QUOTED_INCLUDE_IN_FRAMEWORK_HEADER = YES;
				CLANG_WARN_RANGE_LOOP_ANALYSIS = YES;
				CLANG_WARN_STRICT_PROTOTYPES = YES;
				CLANG_WARN_SUSPICIOUS_MOVE = YES;
				CLANG_WARN_UNGUARDED_AVAILABILITY = YES_AGGRESSIVE;
				CLANG_WARN_UNREACHABLE_CODE = YES;
				CLANG_WARN__DUPLICATE_METHOD_MATCH = YES;
				CODE_SIGN_STYLE = Automatic;
				COPY_PHASE_STRIP = NO;
				CURRENT_PROJECT_VERSION = 1;
				DEBUG_INFORMATION_FORMAT = "dwarf-with-dsym";
				DEVELOPMENT_TEAM = "";
				ENABLE_NS_ASSERTIONS = NO;
				ENABLE_STRICT_OBJC_MSGSEND = YES;
				ENABLE_USER_SCRIPT_SANDBOXING = YES;
				GCC_C_LANGUAGE_STANDARD = gnu11;
				GCC_NO_COMMON_BLOCKS = YES;
				GCC_WARN_64_TO_32_BIT_CONVERSION = YES;
				GCC_WARN_ABOUT_RETURN_TYPE = YES_ERROR;
				GCC_WARN_UNDECLARED_SELECTOR = YES;
				GCC_WARN_UNINITIALIZED_AUTOS = YES_AGGRESSIVE;
				GCC_WARN_UNUSED_FUNCTION = YES;
				GCC_WARN_UNUSED_VARIABLE = YES;
				IPHONEOS_DEPLOYMENT_TARGET = 27.0;
				LOCALIZATION_PREFERS_STRING_CATALOGS = YES;
				MARKETING_VERSION = 1.0;
				MTL_ENABLE_DEBUG_INFO = NO;
				MTL_FAST_MATH = YES;
				PRODUCT_NAME = "$(TARGET_NAME)";
				SDKROOT = iphoneos;
				SWIFT_COMPILATION_MODE = wholemodule;
				SWIFT_EMIT_LOC_STRINGS = YES;
				SWIFT_OPTIMIZATION_LEVEL = "-O";
				SWIFT_VERSION = 5.0;
				TARGETED_DEVICE_FAMILY = "1,2";
			};
			name = Release;
		};
		7BDDF320DA8E36569A4152E8 /* Debug */ = {
			isa = XCBuildConfiguration;
			buildSettings = {
				ASSETCATALOG_COMPILER_APPICON_NAME = AppIcon;
				ASSETCATALOG_COMPILER_GLOBAL_ACCENT_COLOR_NAME = AccentColor;
				CODE_SIGN_ENTITLEMENTS = Tik/Tik.entitlements;
				CODE_SIGN_IDENTITY = "iPhone Developer";
				INFOPLIST_FILE = Tik/Info.plist;
				LD_RUNPATH_SEARCH_PATHS = (
					"$(inherited)",
					"@executable_path/Frameworks",
				);
				PRODUCT_BUNDLE_IDENTIFIER = com.mahyarmozafar.tik;
				SDKROOT = iphoneos;
				TARGETED_DEVICE_FAMILY = "1,2";
			};
			name = Debug;
		};
		B263A8A248E96E63F944AF8F /* Release */ = {
			isa = XCBuildConfiguration;
			buildSettings = {
				BUNDLE_LOADER = "$(TEST_HOST)";
				GENERATE_INFOPLIST_FILE = YES;
				LD_RUNPATH_SEARCH_PATHS = (
					"$(inherited)",
					"@executable_path/Frameworks",
					"@loader_path/Frameworks",
				);
				PRODUCT_BUNDLE_IDENTIFIER = com.mahyarmozafar.tik.uitests;
				SDKROOT = iphoneos;
				TARGETED_DEVICE_FAMILY = "1,2";
				TEST_TARGET_NAME = Tik;
			};
			name = Release;
		};
		B5579F7A9F44DC06A6154A85 /* Debug */ = {
			isa = XCBuildConfiguration;
			buildSettings = {
				BUNDLE_LOADER = "$(TEST_HOST)";
				GENERATE_INFOPLIST_FILE = YES;
				LD_RUNPATH_SEARCH_PATHS = (
					"$(inherited)",
					"@executable_path/Frameworks",
					"@loader_path/Frameworks",
				);
				PRODUCT_BUNDLE_IDENTIFIER = com.mahyarmozafar.tik.uitests;
				SDKROOT = iphoneos;
				TARGETED_DEVICE_FAMILY = "1,2";
				TEST_TARGET_NAME = Tik;
			};
			name = Debug;
		};
/* End XCBuildConfiguration section */

/* Begin XCConfigurationList section */
		0746270EEE241DDB39D697F3 /* Build configuration list for PBXProject "Tik" */ = {
			isa = XCConfigurationList;
			buildConfigurations = (
				258324915CE6C1DEE7B2D665 /* Debug */,
				389BCF0519047824EC5B1204 /* Release */,
			);
			defaultConfigurationIsVisible = 0;
			defaultConfigurationName = Debug;
		};
		1850D9B0E36734FE80704942 /* Build configuration list for PBXNativeTarget "TikUITests" */ = {
			isa = XCConfigurationList;
			buildConfigurations = (
				B5579F7A9F44DC06A6154A85 /* Debug */,
				B263A8A248E96E63F944AF8F /* Release */,
			);
			defaultConfigurationIsVisible = 0;
			defaultConfigurationName = Debug;
		};
		418624A8C15DB19FB4A6C046 /* Build configuration list for PBXNativeTarget "Tik" */ = {
			isa = XCConfigurationList;
			buildConfigurations = (
				7BDDF320DA8E36569A4152E8 /* Debug */,
				0DEB16B18B7D1905BF37C33E /* Release */,
			);
			defaultConfigurationIsVisible = 0;
			defaultConfigurationName = Debug;
		};
/* End XCConfigurationList section */
	};
	rootObject = E5FC24A52D6CBC94A78452F7 /* Project object */;
}
